
Microsoft Visual Studio Solution File, Format Version 12.00
# Visual Studio Version 17
VisualStudioVersion = 17.4.33122.133
MinimumVisualStudioVersion = 10.0.40219.1
Project("{FAE04EC0-301F-11D3-BF4B-00C04F79EFBC}") = "VirtualnaTemperaturnaLista", "VirtualnaTemperaturnaLista\VirtualnaTemperaturnaLista.csproj", "{28AFE6D2-577D-49DB-99ED-4239CC6D8A89}"
EndProject
Global
	GlobalSection(SolutionConfigurationPlatforms) = preSolution
		Debug|Any CPU = Debug|Any CPU
		Release|Any CPU = Release|Any CPU
	EndGlobalSection
	GlobalSection(ProjectConfigurationPlatforms) = postSolution
		{28AFE6D2-577D-49DB-99ED-4239CC6D8A89}.Debug|Any CPU.ActiveCfg = Debug|Any CPU
		{28AFE6D2-577D-49DB-99ED-4239CC6D8A89}.Debug|Any CPU.Build.0 = Debug|Any CPU
		{28AFE6D2-577D-49DB-99ED-4239CC6D8A89}.Release|Any CPU.ActiveCfg = Release|Any CPU
		{28AFE6D2-577D-49DB-99ED-4239CC6D8A89}.Release|Any CPU.Build.0 = Release|Any CPU
	EndGlobalSection
	GlobalSection(SolutionProperties) = preSolution
		HideSolutionNode = FALSE
	EndGlobalSection
	GlobalSection(ExtensibilityGlobals) = postSolution
		SolutionGuid = {3547E87C-2DE6-4BE0-9433-E8CEAF491FE7}
	EndGlobalSection
EndGlobal
